
Microsoft Visual Studio Solution File, Format Version 12.00
# Visual Studio Version 16
VisualStudioVersion = 16.0.31624.102
MinimumVisualStudioVersion = 10.0.40219.1
Project("{FAE04EC0-301F-11D3-BF4B-00C04F79EFBC}") = "xaml-notepad", "xaml-notepad.csproj", "{35784E95-6A86-4683-85DC-31DF2D51B2C3}"
EndProject
Global
	GlobalSection(SolutionConfigurationPlatforms) = preSolution
		Debug|Any CPU = Debug|Any CPU
		Release|Any CPU = Release|Any CPU
	EndGlobalSection
	GlobalSection(ProjectConfigurationPlatforms) = postSolution
		{35784E95-6A86-4683-85DC-31DF2D51B2C3}.Debug|Any CPU.ActiveCfg = Debug|Any CPU
		{35784E95-6A86-4683-85DC-31DF2D51B2C3}.Debug|Any CPU.Build.0 = Debug|Any CPU
		{35784E95-6A86-4683-85DC-31DF2D51B2C3}.Release|Any CPU.ActiveCfg = Release|Any CPU
		{35784E95-6A86-4683-85DC-31DF2D51B2C3}.Release|Any CPU.Build.0 = Release|Any CPU
	EndGlobalSection
	GlobalSection(SolutionProperties) = preSolution
		HideSolutionNode = FALSE
	EndGlobalSection
	GlobalSection(ExtensibilityGlobals) = postSolution
		SolutionGuid = {DD5DF30F-BFD8-41E8-8CC5-940C5E3A39A6}
	EndGlobalSection
EndGlobal
